// !$*UTF8*$!
{
	archiveVersion = 1;
	classes = {
	};
	objectVersion = 50;
	objects = {

/* Begin PBXBuildFile section */
		252E136525D0DB7100A10734 /* NeoNeo4App.swift in Sources */ = {isa = PBXBuildFile; fileRef = 252E136425D0DB7100A10734 /* NeoNeo4App.swift */; };
		252E136925D0DB7700A10734 /* Assets.xcassets in Resources */ = {isa = PBXBuildFile; fileRef = 252E136825D0DB7700A10734 /* Assets.xcassets */; };
		252E136C25D0DB7700A10734 /* Preview Assets.xcassets in Resources */ = {isa = PBXBuildFile; fileRef = 252E136B25D0DB7700A10734 /* Preview Assets.xcassets */; };
		252E138125D0DBA800A10734 /* Logger.swift in Sources */ = {isa = PBXBuildFile; fileRef = 252E137525D0DBA800A10734 /* Logger.swift */; };
		252E138225D0DBA800A10734 /* Container.swift in Sources */ = {isa = PBXBuildFile; fileRef = 252E137625D0DBA800A10734 /* Container.swift */; };
		252E138325D0DBA800A10734 /* ServiceResponseModel.swift in Sources */ = {isa = PBXBuildFile; fileRef = 252E137725D0DBA800A10734 /* ServiceResponseModel.swift */; };
		252E138425D0DBA800A10734 /* Date + Extensions.swift in Sources */ = {isa = PBXBuildFile; fileRef = 252E137925D0DBA800A10734 /* Date + Extensions.swift */; };
		252E138525D0DBA800A10734 /* Notifiable.swift in Sources */ = {isa = PBXBuildFile; fileRef = 252E137A25D0DBA800A10734 /* Notifiable.swift */; };
		252E138625D0DBA800A10734 /* UserDefaultable.swift in Sources */ = {isa = PBXBuildFile; fileRef = 252E137B25D0DBA800A10734 /* UserDefaultable.swift */; };
		252E138725D0DBA800A10734 /* HTTPHelpers.swift in Sources */ = {isa = PBXBuildFile; fileRef = 252E137C25D0DBA800A10734 /* HTTPHelpers.swift */; };
		252E138825D0DBA800A10734 /* NetworkingManager.swift in Sources */ = {isa = PBXBuildFile; fileRef = 252E137D25D0DBA800A10734 /* NetworkingManager.swift */; };
		252E138925D0DBA800A10734 /* ServiceHelpers.swift in Sources */ = {isa = PBXBuildFile; fileRef = 252E137E25D0DBA800A10734 /* ServiceHelpers.swift */; };
		252E138A25D0DBA800A10734 /* ContextProviding.swift in Sources */ = {isa = PBXBuildFile; fileRef = 252E137F25D0DBA800A10734 /* ContextProviding.swift */; };
		252E138B25D0DBA800A10734 /* HelperConfig.swift in Sources */ = {isa = PBXBuildFile; fileRef = 252E138025D0DBA800A10734 /* HelperConfig.swift */; };
		252E139425D0DBD800A10734 /* DetailView.swift in Sources */ = {isa = PBXBuildFile; fileRef = 252E138E25D0DBD800A10734 /* DetailView.swift */; };
		252E139525D0DBD800A10734 /* SettingsView.swift in Sources */ = {isa = PBXBuildFile; fileRef = 252E138F25D0DBD800A10734 /* SettingsView.swift */; };
		252E139625D0DBD800A10734 /* MainTabBar.swift in Sources */ = {isa = PBXBuildFile; fileRef = 252E139025D0DBD800A10734 /* MainTabBar.swift */; };
		252E139725D0DBD800A10734 /* NeoListView.swift in Sources */ = {isa = PBXBuildFile; fileRef = 252E139125D0DBD800A10734 /* NeoListView.swift */; };
		252E139825D0DBD800A10734 /* TextListCell.swift in Sources */ = {isa = PBXBuildFile; fileRef = 252E139225D0DBD800A10734 /* TextListCell.swift */; };
		252E139925D0DBD800A10734 /* CoinListView.swift in Sources */ = {isa = PBXBuildFile; fileRef = 252E139325D0DBD800A10734 /* CoinListView.swift */; };
		252E13A025D0DC3E00A10734 /* NEOViewModel.swift in Sources */ = {isa = PBXBuildFile; fileRef = 252E139C25D0DC3E00A10734 /* NEOViewModel.swift */; };
		252E13A125D0DC3E00A10734 /* CoinViewModel.swift in Sources */ = {isa = PBXBuildFile; fileRef = 252E139D25D0DC3E00A10734 /* CoinViewModel.swift */; };
		252E13A225D0DC3E00A10734 /* TextDisplayViewModel.swift in Sources */ = {isa = PBXBuildFile; fileRef = 252E139F25D0DC3E00A10734 /* TextDisplayViewModel.swift */; };
		252E13A725D0DC6E00A10734 /* CryptoResponse.swift in Sources */ = {isa = PBXBuildFile; fileRef = 252E13A525D0DC6E00A10734 /* CryptoResponse.swift */; };
		252E13A825D0DC6E00A10734 /* NEOResponse.swift in Sources */ = {isa = PBXBuildFile; fileRef = 252E13A625D0DC6E00A10734 /* NEOResponse.swift */; };
		252E13AC25D0DC7600A10734 /* Service.swift in Sources */ = {isa = PBXBuildFile; fileRef = 252E13AB25D0DC7600A10734 /* Service.swift */; };
		252E13B025D0DC8000A10734 /* Environment.swift in Sources */ = {isa = PBXBuildFile; fileRef = 252E13AF25D0DC8000A10734 /* Environment.swift */; };
		2562FCA925D6055A00017123 /* MockUserDefaults.swift in Sources */ = {isa = PBXBuildFile; fileRef = 2562FC9F25D6055A00017123 /* MockUserDefaults.swift */; };
		2562FCAA25D6055A00017123 /* MockNotificationCenter.swift in Sources */ = {isa = PBXBuildFile; fileRef = 2562FCA025D6055A00017123 /* MockNotificationCenter.swift */; };
		2562FCAB25D6055A00017123 /* MockURLSession.swift in Sources */ = {isa = PBXBuildFile; fileRef = 2562FCA125D6055A00017123 /* MockURLSession.swift */; };
		2562FCAC25D6055A00017123 /* TestHelper.swift in Sources */ = {isa = PBXBuildFile; fileRef = 2562FCA225D6055A00017123 /* TestHelper.swift */; };
		2562FCAD25D6055A00017123 /* CoinViewModelTests.swift in Sources */ = {isa = PBXBuildFile; fileRef = 2562FCA425D6055A00017123 /* CoinViewModelTests.swift */; };
		2562FCAE25D6055A00017123 /* NeoViewModelTests.swift in Sources */ = {isa = PBXBuildFile; fileRef = 2562FCA525D6055A00017123 /* NeoViewModelTests.swift */; };
		2562FCAF25D6055A00017123 /* neoResponse.json in Resources */ = {isa = PBXBuildFile; fileRef = 2562FCA725D6055A00017123 /* neoResponse.json */; };
		2562FCB025D6055A00017123 /* coinResponse.json in Resources */ = {isa = PBXBuildFile; fileRef = 2562FCA825D6055A00017123 /* coinResponse.json */; };
/* End PBXBuildFile section */

/* Begin PBXContainerItemProxy section */
		2562FC9525D6051F00017123 /* PBXContainerItemProxy */ = {
			isa = PBXContainerItemProxy;
			containerPortal = 252E135925D0DB7100A10734 /* Project object */;
			proxyType = 1;
			remoteGlobalIDString = 252E136025D0DB7100A10734;
			remoteInfo = NeoNeo4;
		};
/* End PBXContainerItemProxy section */

/* Begin PBXFileReference section */
		252E136125D0DB7100A10734 /* NeoNeo4.app */ = {isa = PBXFileReference; explicitFileType = wrapper.application; includeInIndex = 0; path = NeoNeo4.app; sourceTree = BUILT_PRODUCTS_DIR; };
		252E136425D0DB7100A10734 /* NeoNeo4App.swift */ = {isa = PBXFileReference; lastKnownFileType = sourcecode.swift; path = NeoNeo4App.swift; sourceTree = "<group>"; };
		252E136825D0DB7700A10734 /* Assets.xcassets */ = {isa = PBXFileReference; lastKnownFileType = folder.assetcatalog; path = Assets.xcassets; sourceTree = "<group>"; };
		252E136B25D0DB7700A10734 /* Preview Assets.xcassets */ = {isa = PBXFileReference; lastKnownFileType = folder.assetcatalog; path = "Preview Assets.xcassets"; sourceTree = "<group>"; };
		252E136D25D0DB7700A10734 /* Info.plist */ = {isa = PBXFileReference; lastKnownFileType = text.plist.xml; path = Info.plist; sourceTree = "<group>"; };
		252E137525D0DBA800A10734 /* Logger.swift */ = {isa = PBXFileReference; fileEncoding = 4; lastKnownFileType = sourcecode.swift; path = Logger.swift; sourceTree = "<group>"; };
		252E137625D0DBA800A10734 /* Container.swift */ = {isa = PBXFileReference; fileEncoding = 4; lastKnownFileType = sourcecode.swift; path = Container.swift; sourceTree = "<group>"; };
		252E137725D0DBA800A10734 /* ServiceResponseModel.swift */ = {isa = PBXFileReference; fileEncoding = 4; lastKnownFileType = sourcecode.swift; path = ServiceResponseModel.swift; sourceTree = "<group>"; };
		252E137925D0DBA800A10734 /* Date + Extensions.swift */ = {isa = PBXFileReference; fileEncoding = 4; lastKnownFileType = sourcecode.swift; path = "Date + Extensions.swift"; sourceTree = "<group>"; };
		252E137A25D0DBA800A10734 /* Notifiable.swift */ = {isa = PBXFileReference; fileEncoding = 4; lastKnownFileType = sourcecode.swift; path = Notifiable.swift; sourceTree = "<group>"; };
		252E137B25D0DBA800A10734 /* UserDefaultable.swift */ = {isa = PBXFileReference; fileEncoding = 4; lastKnownFileType = sourcecode.swift; path = UserDefaultable.swift; sourceTree = "<group>"; };
		252E137C25D0DBA800A10734 /* HTTPHelpers.swift */ = {isa = PBXFileReference; fileEncoding = 4; lastKnownFileType = sourcecode.swift; path = HTTPHelpers.swift; sourceTree = "<group>"; };
		252E137D25D0DBA800A10734 /* NetworkingManager.swift */ = {isa = PBXFileReference; fileEncoding = 4; lastKnownFileType = sourcecode.swift; path = NetworkingManager.swift; sourceTree = "<group>"; };
		252E137E25D0DBA800A10734 /* ServiceHelpers.swift */ = {isa = PBXFileReference; fileEncoding = 4; lastKnownFileType = sourcecode.swift; path = ServiceHelpers.swift; sourceTree = "<group>"; };
		252E137F25D0DBA800A10734 /* ContextProviding.swift */ = {isa = PBXFileReference; fileEncoding = 4; lastKnownFileType = sourcecode.swift; path = ContextProviding.swift; sourceTree = "<group>"; };
		252E138025D0DBA800A10734 /* HelperConfig.swift */ = {isa = PBXFileReference; fileEncoding = 4; lastKnownFileType = sourcecode.swift; path = HelperConfig.swift; sourceTree = "<group>"; };
		252E138E25D0DBD800A10734 /* DetailView.swift */ = {isa = PBXFileReference; fileEncoding = 4; lastKnownFileType = sourcecode.swift; path = DetailView.swift; sourceTree = "<group>"; };
		252E138F25D0DBD800A10734 /* SettingsView.swift */ = {isa = PBXFileReference; fileEncoding = 4; lastKnownFileType = sourcecode.swift; path = SettingsView.swift; sourceTree = "<group>"; };
		252E139025D0DBD800A10734 /* MainTabBar.swift */ = {isa = PBXFileReference; fileEncoding = 4; lastKnownFileType = sourcecode.swift; path = MainTabBar.swift; sourceTree = "<group>"; };
		252E139125D0DBD800A10734 /* NeoListView.swift */ = {isa = PBXFileReference; fileEncoding = 4; lastKnownFileType = sourcecode.swift; path = NeoListView.swift; sourceTree = "<group>"; };
		252E139225D0DBD800A10734 /* TextListCell.swift */ = {isa = PBXFileReference; fileEncoding = 4; lastKnownFileType = sourcecode.swift; path = TextListCell.swift; sourceTree = "<group>"; };
		252E139325D0DBD800A10734 /* CoinListView.swift */ = {isa = PBXFileReference; fileEncoding = 4; lastKnownFileType = sourcecode.swift; path = CoinListView.swift; sourceTree = "<group>"; };
		252E139C25D0DC3E00A10734 /* NEOViewModel.swift */ = {isa = PBXFileReference; fileEncoding = 4; lastKnownFileType = sourcecode.swift; path = NEOViewModel.swift; sourceTree = "<group>"; };
		252E139D25D0DC3E00A10734 /* CoinViewModel.swift */ = {isa = PBXFileReference; fileEncoding = 4; lastKnownFileType = sourcecode.swift; path = CoinViewModel.swift; sourceTree = "<group>"; };
		252E139F25D0DC3E00A10734 /* TextDisplayViewModel.swift */ = {isa = PBXFileReference; fileEncoding = 4; lastKnownFileType = sourcecode.swift; path = TextDisplayViewModel.swift; sourceTree = "<group>"; };
		252E13A525D0DC6E00A10734 /* CryptoResponse.swift */ = {isa = PBXFileReference; fileEncoding = 4; lastKnownFileType = sourcecode.swift; path = CryptoResponse.swift; sourceTree = "<group>"; };
		252E13A625D0DC6E00A10734 /* NEOResponse.swift */ = {isa = PBXFileReference; fileEncoding = 4; lastKnownFileType = sourcecode.swift; path = NEOResponse.swift; sourceTree = "<group>"; };
		252E13AB25D0DC7600A10734 /* Service.swift */ = {isa = PBXFileReference; fileEncoding = 4; lastKnownFileType = sourcecode.swift; path = Service.swift; sourceTree = "<group>"; };
		252E13AF25D0DC8000A10734 /* Environment.swift */ = {isa = PBXFileReference; fileEncoding = 4; lastKnownFileType = sourcecode.swift; path = Environment.swift; sourceTree = "<group>"; };
		253BEE4E26AB49F2002E29AF /* Config.xcconfig */ = {isa = PBXFileReference; lastKnownFileType = text.xcconfig; path = Config.xcconfig; sourceTree = "<group>"; };
		2562FC9025D6051F00017123 /* NeoNeo4Tests.xctest */ = {isa = PBXFileReference; explicitFileType = wrapper.cfbundle; includeInIndex = 0; path = NeoNeo4Tests.xctest; sourceTree = BUILT_PRODUCTS_DIR; };
		2562FC9425D6051F00017123 /* Info.plist */ = {isa = PBXFileReference; lastKnownFileType = text.plist.xml; path = Info.plist; sourceTree = "<group>"; };
		2562FC9F25D6055A00017123 /* MockUserDefaults.swift */ = {isa = PBXFileReference; fileEncoding = 4; lastKnownFileType = sourcecode.swift; path = MockUserDefaults.swift; sourceTree = "<group>"; };
		2562FCA025D6055A00017123 /* MockNotificationCenter.swift */ = {isa = PBXFileReference; fileEncoding = 4; lastKnownFileType = sourcecode.swift; path = MockNotificationCenter.swift; sourceTree = "<group>"; };
		2562FCA125D6055A00017123 /* MockURLSession.swift */ = {isa = PBXFileReference; fileEncoding = 4; lastKnownFileType = sourcecode.swift; path = MockURLSession.swift; sourceTree = "<group>"; };
		2562FCA225D6055A00017123 /* TestHelper.swift */ = {isa = PBXFileReference; fileEncoding = 4; lastKnownFileType = sourcecode.swift; path = TestHelper.swift; sourceTree = "<group>"; };
		2562FCA425D6055A00017123 /* CoinViewModelTests.swift */ = {isa = PBXFileReference; fileEncoding = 4; lastKnownFileType = sourcecode.swift; path = CoinViewModelTests.swift; sourceTree = "<group>"; };
		2562FCA525D6055A00017123 /* NeoViewModelTests.swift */ = {isa = PBXFileReference; fileEncoding = 4; lastKnownFileType = sourcecode.swift; path = NeoViewModelTests.swift; sourceTree = "<group>"; };
		2562FCA725D6055A00017123 /* neoResponse.json */ = {isa = PBXFileReference; fileEncoding = 4; lastKnownFileType = text.json; path = neoResponse.json; sourceTree = "<group>"; };
		2562FCA825D6055A00017123 /* coinResponse.json */ = {isa = PBXFileReference; fileEncoding = 4; lastKnownFileType = text.json; path = coinResponse.json; sourceTree = "<group>"; };
/* End PBXFileReference section */

/* Begin PBXFrameworksBuildPhase section */
		252E135E25D0DB7100A10734 /* Frameworks */ = {
			isa = PBXFrameworksBuildPhase;
			buildActionMask = 2147483647;
			files = (
			);
			runOnlyForDeploymentPostprocessing = 0;
		};
		2562FC8D25D6051F00017123 /* Frameworks */ = {
			isa = PBXFrameworksBuildPhase;
			buildActionMask = 2147483647;
			files = (
			);
			runOnlyForDeploymentPostprocessing = 0;
		};
/* End PBXFrameworksBuildPhase section */

/* Begin PBXGroup section */
		252E135825D0DB7100A10734 = {
			isa = PBXGroup;
			children = (
				252E136325D0DB7100A10734 /* NeoNeo4 */,
				252E137425D0DBA800A10734 /* Helper */,
				2562FC9125D6051F00017123 /* NeoNeo4Tests */,
				252E136225D0DB7100A10734 /* Products */,
			);
			sourceTree = "<group>";
		};
		252E136225D0DB7100A10734 /* Products */ = {
			isa = PBXGroup;
			children = (
				252E136125D0DB7100A10734 /* NeoNeo4.app */,
				2562FC9025D6051F00017123 /* NeoNeo4Tests.xctest */,
			);
			name = Products;
			sourceTree = "<group>";
		};
		252E136325D0DB7100A10734 /* NeoNeo4 */ = {
			isa = PBXGroup;
			children = (
				252E136D25D0DB7700A10734 /* Info.plist */,
				253BEE4E26AB49F2002E29AF /* Config.xcconfig */,
				252E136825D0DB7700A10734 /* Assets.xcassets */,
				252E136425D0DB7100A10734 /* NeoNeo4App.swift */,
				252E138D25D0DBD800A10734 /* Views */,
				252E139B25D0DC3E00A10734 /* ViewModels */,
				252E139E25D0DC3E00A10734 /* ViewModelProtocols */,
				252E13A425D0DC6E00A10734 /* ServiceResponseModels */,
				252E13AA25D0DC7600A10734 /* Networking */,
				252E13AE25D0DC8000A10734 /* Config */,
				252E136A25D0DB7700A10734 /* Preview Content */,
			);
			path = NeoNeo4;
			sourceTree = "<group>";
		};
		252E136A25D0DB7700A10734 /* Preview Content */ = {
			isa = PBXGroup;
			children = (
				252E136B25D0DB7700A10734 /* Preview Assets.xcassets */,
			);
			path = "Preview Content";
			sourceTree = "<group>";
		};
		252E137425D0DBA800A10734 /* Helper */ = {
			isa = PBXGroup;
			children = (
				252E137625D0DBA800A10734 /* Container.swift */,
				252E138025D0DBA800A10734 /* HelperConfig.swift */,
				252E137525D0DBA800A10734 /* Logger.swift */,
				252E137D25D0DBA800A10734 /* NetworkingManager.swift */,
				252E137825D0DBA800A10734 /* Extensions */,
				2562FC8A25D5FFD900017123 /* Protocols */,
			);
			path = Helper;
			sourceTree = "<group>";
		};
		252E137825D0DBA800A10734 /* Extensions */ = {
			isa = PBXGroup;
			children = (
				252E137925D0DBA800A10734 /* Date + Extensions.swift */,
			);
			path = Extensions;
			sourceTree = "<group>";
		};
		252E138D25D0DBD800A10734 /* Views */ = {
			isa = PBXGroup;
			children = (
				252E138E25D0DBD800A10734 /* DetailView.swift */,
				252E138F25D0DBD800A10734 /* SettingsView.swift */,
				252E139025D0DBD800A10734 /* MainTabBar.swift */,
				252E139125D0DBD800A10734 /* NeoListView.swift */,
				252E139225D0DBD800A10734 /* TextListCell.swift */,
				252E139325D0DBD800A10734 /* CoinListView.swift */,
			);
			path = Views;
			sourceTree = "<group>";
		};
		252E139B25D0DC3E00A10734 /* ViewModels */ = {
			isa = PBXGroup;
			children = (
				252E139C25D0DC3E00A10734 /* NEOViewModel.swift */,
				252E139D25D0DC3E00A10734 /* CoinViewModel.swift */,
			);
			path = ViewModels;
			sourceTree = "<group>";
		};
		252E139E25D0DC3E00A10734 /* ViewModelProtocols */ = {
			isa = PBXGroup;
			children = (
				252E139F25D0DC3E00A10734 /* TextDisplayViewModel.swift */,
			);
			path = ViewModelProtocols;
			sourceTree = "<group>";
		};
		252E13A425D0DC6E00A10734 /* ServiceResponseModels */ = {
			isa = PBXGroup;
			children = (
				252E13A525D0DC6E00A10734 /* CryptoResponse.swift */,
				252E13A625D0DC6E00A10734 /* NEOResponse.swift */,
			);
			path = ServiceResponseModels;
			sourceTree = "<group>";
		};
		252E13AA25D0DC7600A10734 /* Networking */ = {
			isa = PBXGroup;
			children = (
				252E13AB25D0DC7600A10734 /* Service.swift */,
			);
			path = Networking;
			sourceTree = "<group>";
		};
		252E13AE25D0DC8000A10734 /* Config */ = {
			isa = PBXGroup;
			children = (
				252E13AF25D0DC8000A10734 /* Environment.swift */,
			);
			path = Config;
			sourceTree = "<group>";
		};
		2562FC8A25D5FFD900017123 /* Protocols */ = {
			isa = PBXGroup;
			children = (
				252E137725D0DBA800A10734 /* ServiceResponseModel.swift */,
				252E137A25D0DBA800A10734 /* Notifiable.swift */,
				252E137B25D0DBA800A10734 /* UserDefaultable.swift */,
				252E137C25D0DBA800A10734 /* HTTPHelpers.swift */,
				252E137E25D0DBA800A10734 /* ServiceHelpers.swift */,
				252E137F25D0DBA800A10734 /* ContextProviding.swift */,
			);
			path = Protocols;
			sourceTree = "<group>";
		};
		2562FC9125D6051F00017123 /* NeoNeo4Tests */ = {
			isa = PBXGroup;
			children = (
				2562FCA625D6055A00017123 /* MockResponses */,
				2562FC9E25D6055A00017123 /* TestHelper */,
				2562FCA325D6055A00017123 /* ViewModelTests */,
				2562FC9425D6051F00017123 /* Info.plist */,
			);
			path = NeoNeo4Tests;
			sourceTree = "<group>";
		};
		2562FC9E25D6055A00017123 /* TestHelper */ = {
			isa = PBXGroup;
			children = (
				2562FC9F25D6055A00017123 /* MockUserDefaults.swift */,
				2562FCA025D6055A00017123 /* MockNotificationCenter.swift */,
				2562FCA125D6055A00017123 /* MockURLSession.swift */,
				2562FCA225D6055A00017123 /* TestHelper.swift */,
			);
			path = TestHelper;
			sourceTree = "<group>";
		};
		2562FCA325D6055A00017123 /* ViewModelTests */ = {
			isa = PBXGroup;
			children = (
				2562FCA425D6055A00017123 /* CoinViewModelTests.swift */,
				2562FCA525D6055A00017123 /* NeoViewModelTests.swift */,
			);
			path = ViewModelTests;
			sourceTree = "<group>";
		};
		2562FCA625D6055A00017123 /* MockResponses */ = {
			isa = PBXGroup;
			children = (
				2562FCA725D6055A00017123 /* neoResponse.json */,
				2562FCA825D6055A00017123 /* coinResponse.json */,
			);
			path = MockResponses;
			sourceTree = "<group>";
		};
/* End PBXGroup section */

/* Begin PBXNativeTarget section */
		252E136025D0DB7100A10734 /* NeoNeo4 */ = {
			isa = PBXNativeTarget;
			buildConfigurationList = 252E137025D0DB7700A10734 /* Build configuration list for PBXNativeTarget "NeoNeo4" */;
			buildPhases = (
				252E135D25D0DB7100A10734 /* Sources */,
				252E135E25D0DB7100A10734 /* Frameworks */,
				252E135F25D0DB7100A10734 /* Resources */,
			);
			buildRules = (
			);
			dependencies = (
			);
			name = NeoNeo4;
			productName = NeoNeo4;
			productReference = 252E136125D0DB7100A10734 /* NeoNeo4.app */;
			productType = "com.apple.product-type.application";
		};
		2562FC8F25D6051F00017123 /* NeoNeo4Tests */ = {
			isa = PBXNativeTarget;
			buildConfigurationList = 2562FC9725D6051F00017123 /* Build configuration list for PBXNativeTarget "NeoNeo4Tests" */;
			buildPhases = (
				2562FC8C25D6051F00017123 /* Sources */,
				2562FC8D25D6051F00017123 /* Frameworks */,
				2562FC8E25D6051F00017123 /* Resources */,
			);
			buildRules = (
			);
			dependencies = (
				2562FC9625D6051F00017123 /* PBXTargetDependency */,
			);
			name = NeoNeo4Tests;
			productName = NeoNeo4Tests;
			productReference = 2562FC9025D6051F00017123 /* NeoNeo4Tests.xctest */;
			productType = "com.apple.product-type.bundle.unit-test";
		};
/* End PBXNativeTarget section */

/* Begin PBXProject section */
		252E135925D0DB7100A10734 /* Project object */ = {
			isa = PBXProject;
			attributes = {
				LastSwiftUpdateCheck = 1240;
				LastUpgradeCheck = 1240;
				TargetAttributes = {
					252E136025D0DB7100A10734 = {
						CreatedOnToolsVersion = 12.4;
					};
					2562FC8F25D6051F00017123 = {
						CreatedOnToolsVersion = 12.4;
						TestTargetID = 252E136025D0DB7100A10734;
					};
				};
			};
			buildConfigurationList = 252E135C25D0DB7100A10734 /* Build configuration list for PBXProject "NeoNeo4" */;
			compatibilityVersion = "Xcode 9.3";
			developmentRegion = en;
			hasScannedForEncodings = 0;
			knownRegions = (
				en,
				Base,
			);
			mainGroup = 252E135825D0DB7100A10734;
			productRefGroup = 252E136225D0DB7100A10734 /* Products */;
			projectDirPath = "";
			projectRoot = "";
			targets = (
				252E136025D0DB7100A10734 /* NeoNeo4 */,
				2562FC8F25D6051F00017123 /* NeoNeo4Tests */,
			);
		};
/* End PBXProject section */

/* Begin PBXResourcesBuildPhase section */
		252E135F25D0DB7100A10734 /* Resources */ = {
			isa = PBXResourcesBuildPhase;
			buildActionMask = 2147483647;
			files = (
				252E136C25D0DB7700A10734 /* Preview Assets.xcassets in Resources */,
				252E136925D0DB7700A10734 /* Assets.xcassets in Resources */,
			);
			runOnlyForDeploymentPostprocessing = 0;
		};
		2562FC8E25D6051F00017123 /* Resources */ = {
			isa = PBXResourcesBuildPhase;
			buildActionMask = 2147483647;
			files = (
				2562FCAF25D6055A00017123 /* neoResponse.json in Resources */,
				2562FCB025D6055A00017123 /* coinResponse.json in Resources */,
			);
			runOnlyForDeploymentPostprocessing = 0;
		};
/* End PBXResourcesBuildPhase section */

/* Begin PBXSourcesBuildPhase section */
		252E135D25D0DB7100A10734 /* Sources */ = {
			isa = PBXSourcesBuildPhase;
			buildActionMask = 2147483647;
			files = (
				252E139925D0DBD800A10734 /* CoinListView.swift in Sources */,
				252E139525D0DBD800A10734 /* SettingsView.swift in Sources */,
				252E13AC25D0DC7600A10734 /* Service.swift in Sources */,
				252E138625D0DBA800A10734 /* UserDefaultable.swift in Sources */,
				252E13A025D0DC3E00A10734 /* NEOViewModel.swift in Sources */,
				252E138325D0DBA800A10734 /* ServiceResponseModel.swift in Sources */,
				252E138425D0DBA800A10734 /* Date + Extensions.swift in Sources */,
				252E13A225D0DC3E00A10734 /* TextDisplayViewModel.swift in Sources */,
				252E139425D0DBD800A10734 /* DetailView.swift in Sources */,
				252E138825D0DBA800A10734 /* NetworkingManager.swift in Sources */,
				252E138B25D0DBA800A10734 /* HelperConfig.swift in Sources */,
				252E13A125D0DC3E00A10734 /* CoinViewModel.swift in Sources */,
				252E138A25D0DBA800A10734 /* ContextProviding.swift in Sources */,
				252E139725D0DBD800A10734 /* NeoListView.swift in Sources */,
				252E13A825D0DC6E00A10734 /* NEOResponse.swift in Sources */,
				252E138225D0DBA800A10734 /* Container.swift in Sources */,
				252E138525D0DBA800A10734 /* Notifiable.swift in Sources */,
				252E139825D0DBD800A10734 /* TextListCell.swift in Sources */,
				252E138925D0DBA800A10734 /* ServiceHelpers.swift in Sources */,
				252E139625D0DBD800A10734 /* MainTabBar.swift in Sources */,
				252E13B025D0DC8000A10734 /* Environment.swift in Sources */,
				252E138125D0DBA800A10734 /* Logger.swift in Sources */,
				252E138725D0DBA800A10734 /* HTTPHelpers.swift in Sources */,
				252E136525D0DB7100A10734 /* NeoNeo4App.swift in Sources */,
				252E13A725D0DC6E00A10734 /* CryptoResponse.swift in Sources */,
			);
			runOnlyForDeploymentPostprocessing = 0;
		};
		2562FC8C25D6051F00017123 /* Sources */ = {
			isa = PBXSourcesBuildPhase;
			buildActionMask = 2147483647;
			files = (
				2562FCAB25D6055A00017123 /* MockURLSession.swift in Sources */,
				2562FCAC25D6055A00017123 /* TestHelper.swift in Sources */,
				2562FCA925D6055A00017123 /* MockUserDefaults.swift in Sources */,
				2562FCAE25D6055A00017123 /* NeoViewModelTests.swift in Sources */,
				2562FCAD25D6055A00017123 /* CoinViewModelTests.swift in Sources */,
				2562FCAA25D6055A00017123 /* MockNotificationCenter.swift in Sources */,
			);
			runOnlyForDeploymentPostprocessing = 0;
		};
/* End PBXSourcesBuildPhase section */

/* Begin PBXTargetDependency section */
		2562FC9625D6051F00017123 /* PBXTargetDependency */ = {
			isa = PBXTargetDependency;
			target = 252E136025D0DB7100A10734 /* NeoNeo4 */;
			targetProxy = 2562FC9525D6051F00017123 /* PBXContainerItemProxy */;
		};
/* End PBXTargetDependency section */

/* Begin XCBuildConfiguration section */
		252E136E25D0DB7700A10734 /* Debug */ = {
			isa = XCBuildConfiguration;
			baseConfigurationReference = 253BEE4E26AB49F2002E29AF /* Config.xcconfig */;
			buildSettings = {
				ALWAYS_SEARCH_USER_PATHS = NO;
				CLANG_ANALYZER_NONNULL = YES;
				CLANG_ANALYZER_NUMBER_OBJECT_CONVERSION = YES_AGGRESSIVE;
				CLANG_CXX_LANGUAGE_STANDARD = "gnu++14";
				CLANG_CXX_LIBRARY = "libc++";
				CLANG_ENABLE_MODULES = YES;
				CLANG_ENABLE_OBJC_ARC = YES;
				CLANG_ENABLE_OBJC_WEAK = YES;
				CLANG_WARN_BLOCK_CAPTURE_AUTORELEASING = YES;
				CLANG_WARN_BOOL_CONVERSION = YES;
				CLANG_WARN_COMMA = YES;
				CLANG_WARN_CONSTANT_CONVERSION = YES;
				CLANG_WARN_DEPRECATED_OBJC_IMPLEMENTATIONS = YES;
				CLANG_WARN_DIRECT_OBJC_ISA_USAGE = YES_ERROR;
				CLANG_WARN_DOCUMENTATION_COMMENTS = YES;
				CLANG_WARN_EMPTY_BODY = YES;
				CLANG_WARN_ENUM_CONVERSION = YES;
				CLANG_WARN_INFINITE_RECURSION = YES;
				CLANG_WARN_INT_CONVERSION = YES;
				CLANG_WARN_NON_LITERAL_NULL_CONVERSION = YES;
				CLANG_WARN_OBJC_IMPLICIT_RETAIN_SELF = YES;
				CLANG_WARN_OBJC_LITERAL_CONVERSION = YES;
				CLANG_WARN_OBJC_ROOT_CLASS = YES_ERROR;
				CLANG_WARN_QUOTED_INCLUDE_IN_FRAMEWORK_HEADER = YES;
				CLANG_WARN_RANGE_LOOP_ANALYSIS = YES;
				CLANG_WARN_STRICT_PROTOTYPES = YES;
				CLANG_WARN_SUSPICIOUS_MOVE = YES;
				CLANG_WARN_UNGUARDED_AVAILABILITY = YES_AGGRESSIVE;
				CLANG_WARN_UNREACHABLE_CODE = YES;
				CLANG_WARN__DUPLICATE_METHOD_MATCH = YES;
				COPY_PHASE_STRIP = NO;
				DEBUG_INFORMATION_FORMAT = dwarf;
				ENABLE_STRICT_OBJC_MSGSEND = YES;
				ENABLE_TESTABILITY = YES;
				GCC_C_LANGUAGE_STANDARD = gnu11;
				GCC_DYNAMIC_NO_PIC = NO;
				GCC_NO_COMMON_BLOCKS = YES;
				GCC_OPTIMIZATION_LEVEL = 0;
				GCC_PREPROCESSOR_DEFINITIONS = (
					"DEBUG=1",
					"$(inherited)",
				);
				GCC_WARN_64_TO_32_BIT_CONVERSION = YES;
				GCC_WARN_ABOUT_RETURN_TYPE = YES_ERROR;
				GCC_WARN_UNDECLARED_SELECTOR = YES;
				GCC_WARN_UNINITIALIZED_AUTOS = YES_AGGRESSIVE;
				GCC_WARN_UNUSED_FUNCTION = YES;
				GCC_WARN_UNUSED_VARIABLE = YES;
				IPHONEOS_DEPLOYMENT_TARGET = 14.4;
				MTL_ENABLE_DEBUG_INFO = INCLUDE_SOURCE;
				MTL_FAST_MATH = YES;
				ONLY_ACTIVE_ARCH = YES;
				SDKROOT = iphoneos;
				SWIFT_ACTIVE_COMPILATION_CONDITIONS = DEBUG;
				SWIFT_OPTIMIZATION_LEVEL = "-Onone";
			};
			name = Debug;
		};
		252E136F25D0DB7700A10734 /* Release */ = {
			isa = XCBuildConfiguration;
			baseConfigurationReference = 253BEE4E26AB49F2002E29AF /* Config.xcconfig */;
			buildSettings = {
				ALWAYS_SEARCH_USER_PATHS = NO;
				CLANG_ANALYZER_NONNULL = YES;
				CLANG_ANALYZER_NUMBER_OBJECT_CONVERSION = YES_AGGRESSIVE;
				CLANG_CXX_LANGUAGE_STANDARD = "gnu++14";
				CLANG_CXX_LIBRARY = "libc++";
				CLANG_ENABLE_MODULES = YES;
				CLANG_ENABLE_OBJC_ARC = YES;
				CLANG_ENABLE_OBJC_WEAK = YES;
				CLANG_WARN_BLOCK_CAPTURE_AUTORELEASING = YES;
				CLANG_WARN_BOOL_CONVERSION = YES;
				CLANG_WARN_COMMA = YES;
				CLANG_WARN_CONSTANT_CONVERSION = YES;
				CLANG_WARN_DEPRECATED_OBJC_IMPLEMENTATIONS = YES;
				CLANG_WARN_DIRECT_OBJC_ISA_USAGE = YES_ERROR;
				CLANG_WARN_DOCUMENTATION_COMMENTS = YES;
				CLANG_WARN_EMPTY_BODY = YES;
				CLANG_WARN_ENUM_CONVERSION = YES;
				CLANG_WARN_INFINITE_RECURSION = YES;
				CLANG_WARN_INT_CONVERSION = YES;
				CLANG_WARN_NON_LITERAL_NULL_CONVERSION = YES;
				CLANG_WARN_OBJC_IMPLICIT_RETAIN_SELF = YES;
				CLANG_WARN_OBJC_LITERAL_CONVERSION = YES;
				CLANG_WARN_OBJC_ROOT_CLASS = YES_ERROR;
				CLANG_WARN_QUOTED_INCLUDE_IN_FRAMEWORK_HEADER = YES;
				CLANG_WARN_RANGE_LOOP_ANALYSIS = YES;
				CLANG_WARN_STRICT_PROTOTYPES = YES;
				CLANG_WARN_SUSPICIOUS_MOVE = YES;
				CLANG_WARN_UNGUARDED_AVAILABILITY = YES_AGGRESSIVE;
				CLANG_WARN_UNREACHABLE_CODE = YES;
				CLANG_WARN__DUPLICATE_METHOD_MATCH = YES;
				COPY_PHASE_STRIP = NO;
				DEBUG_INFORMATION_FORMAT = "dwarf-with-dsym";
				ENABLE_NS_ASSERTIONS = NO;
				ENABLE_STRICT_OBJC_MSGSEND = YES;
				GCC_C_LANGUAGE_STANDARD = gnu11;
				GCC_NO_COMMON_BLOCKS = YES;
				GCC_WARN_64_TO_32_BIT_CONVERSION = YES;
				GCC_WARN_ABOUT_RETURN_TYPE = YES_ERROR;
				GCC_WARN_UNDECLARED_SELECTOR = YES;
				GCC_WARN_UNINITIALIZED_AUTOS = YES_AGGRESSIVE;
				GCC_WARN_UNUSED_FUNCTION = YES;
				GCC_WARN_UNUSED_VARIABLE = YES;
				IPHONEOS_DEPLOYMENT_TARGET = 14.4;
				MTL_ENABLE_DEBUG_INFO = NO;
				MTL_FAST_MATH = YES;
				SDKROOT = iphoneos;
				SWIFT_COMPILATION_MODE = wholemodule;
				SWIFT_OPTIMIZATION_LEVEL = "-O";
				VALIDATE_PRODUCT = YES;
			};
			name = Release;
		};
		252E137125D0DB7700A10734 /* Debug */ = {
			isa = XCBuildConfiguration;
			buildSettings = {
				ASSETCATALOG_COMPILER_APPICON_NAME = AppIcon;
				ASSETCATALOG_COMPILER_GLOBAL_ACCENT_COLOR_NAME = AccentColor;
				CODE_SIGN_STYLE = Automatic;
				DEVELOPMENT_ASSET_PATHS = "\"NeoNeo4/Preview Content\"";
				ENABLE_PREVIEWS = YES;
				INFOPLIST_FILE = NeoNeo4/Info.plist;
				IPHONEOS_DEPLOYMENT_TARGET = 14.0;
				LD_RUNPATH_SEARCH_PATHS = (
					"$(inherited)",
					"@executable_path/Frameworks",
				);
				PRODUCT_BUNDLE_IDENTIFIER = com.stevenschwedt.NeoNeo4;
				PRODUCT_NAME = "$(TARGET_NAME)";
				SWIFT_VERSION = 5.0;
				TARGETED_DEVICE_FAMILY = "1,2";
			};
			name = Debug;
		};
		252E137225D0DB7700A10734 /* Release */ = {
			isa = XCBuildConfiguration;
			buildSettings = {
				ASSETCATALOG_COMPILER_APPICON_NAME = AppIcon;
				ASSETCATALOG_COMPILER_GLOBAL_ACCENT_COLOR_NAME = AccentColor;
				CODE_SIGN_STYLE = Automatic;
				DEVELOPMENT_ASSET_PATHS = "\"NeoNeo4/Preview Content\"";
				ENABLE_PREVIEWS = YES;
				INFOPLIST_FILE = NeoNeo4/Info.plist;
				IPHONEOS_DEPLOYMENT_TARGET = 14.0;
				LD_RUNPATH_SEARCH_PATHS = (
					"$(inherited)",
					"@executable_path/Frameworks",
				);
				PRODUCT_BUNDLE_IDENTIFIER = com.stevenschwedt.NeoNeo4;
				PRODUCT_NAME = "$(TARGET_NAME)";
				SWIFT_VERSION = 5.0;
				TARGETED_DEVICE_FAMILY = "1,2";
			};
			name = Release;
		};
		2562FC9825D6051F00017123 /* Debug */ = {
			isa = XCBuildConfiguration;
			buildSettings = {
				BUNDLE_LOADER = "$(TEST_HOST)";
				CODE_SIGN_STYLE = Automatic;
				INFOPLIST_FILE = NeoNeo4Tests/Info.plist;
				LD_RUNPATH_SEARCH_PATHS = (
					"$(inherited)",
					"@executable_path/Frameworks",
					"@loader_path/Frameworks",
				);
				PRODUCT_BUNDLE_IDENTIFIER = com.stevenschwedt.NeoNeo4Tests;
				PRODUCT_NAME = "$(TARGET_NAME)";
				SWIFT_VERSION = 5.0;
				TARGETED_DEVICE_FAMILY = "1,2";
				TEST_HOST = "$(BUILT_PRODUCTS_DIR)/NeoNeo4.app/NeoNeo4";
			};
			name = Debug;
		};
		2562FC9925D6051F00017123 /* Release */ = {
			isa = XCBuildConfiguration;
			buildSettings = {
				BUNDLE_LOADER = "$(TEST_HOST)";
				CODE_SIGN_STYLE = Automatic;
				INFOPLIST_FILE = NeoNeo4Tests/Info.plist;
				LD_RUNPATH_SEARCH_PATHS = (
					"$(inherited)",
					"@executable_path/Frameworks",
					"@loader_path/Frameworks",
				);
				PRODUCT_BUNDLE_IDENTIFIER = com.stevenschwedt.NeoNeo4Tests;
				PRODUCT_NAME = "$(TARGET_NAME)";
				SWIFT_VERSION = 5.0;
				TARGETED_DEVICE_FAMILY = "1,2";
				TEST_HOST = "$(BUILT_PRODUCTS_DIR)/NeoNeo4.app/NeoNeo4";
			};
			name = Release;
		};
/* End XCBuildConfiguration section */

/* Begin XCConfigurationList section */
		252E135C25D0DB7100A10734 /* Build configuration list for PBXProject "NeoNeo4" */ = {
			isa = XCConfigurationList;
			buildConfigurations = (
				252E136E25D0DB7700A10734 /* Debug */,
				252E136F25D0DB7700A10734 /* Release */,
			);
			defaultConfigurationIsVisible = 0;
			defaultConfigurationName = Release;
		};
		252E137025D0DB7700A10734 /* Build configuration list for PBXNativeTarget "NeoNeo4" */ = {
			isa = XCConfigurationList;
			buildConfigurations = (
				252E137125D0DB7700A10734 /* Debug */,
				252E137225D0DB7700A10734 /* Release */,
			);
			defaultConfigurationIsVisible = 0;
			defaultConfigurationName = Release;
		};
		2562FC9725D6051F00017123 /* Build configuration list for PBXNativeTarget "NeoNeo4Tests" */ = {
			isa = XCConfigurationList;
			buildConfigurations = (
				2562FC9825D6051F00017123 /* Debug */,
				2562FC9925D6051F00017123 /* Release */,
			);
			defaultConfigurationIsVisible = 0;
			defaultConfigurationName = Release;
		};
/* End XCConfigurationList section */
	};
	rootObject = 252E135925D0DB7100A10734 /* Project object */;
}
